
Microsoft Visual Studio Solution File, Format Version 12.00
# Visual Studio Version 17
VisualStudioVersion = 17.14.36717.8
MinimumVisualStudioVersion = 10.0.40219.1
Project("{FAE04EC0-301F-11D3-BF4B-00C04F79EFBC}") = "Domain", "Domain\Domain.csproj", "{AEC4DA01-115C-49BE-9B40-7A7C1CEBD564}"
EndProject
Project("{FAE04EC0-301F-11D3-BF4B-00C04F79EFBC}") = "Core", "Core\Core.csproj", "{A58DE596-4AC8-4CBC-9C4D-054DC9FD273B}"
EndProject
Project("{FAE04EC0-301F-11D3-BF4B-00C04F79EFBC}") = "Persistence", "Persistence\Persistence.csproj", "{9267E99B-8ECE-4E4C-8261-5A427910E582}"
EndProject
Project("{2150E333-8FDC-42A3-9474-1A3956D46DE8}") = "src", "src", "{02EA681E-C7D8-13C7-8484-4AC65E1B71E8}"
EndProject
Project("{2150E333-8FDC-42A3-9474-1A3956D46DE8}") = "docs", "docs", "{C25C4454-C815-4153-80E7-9E9C7E918610}"
EndProject
Project("{2150E333-8FDC-42A3-9474-1A3956D46DE8}") = "web-ui", "web-ui", "{9FF76576-257A-46ED-9FD5-C10AAE40CC79}"
EndProject
Project("{2150E333-8FDC-42A3-9474-1A3956D46DE8}") = "research", "research", "{E8C77B7B-47D0-4AC6-8D6E-80D66A970E00}"
	ProjectSection(SolutionItems) = preProject
		..\..\..\Desktop\PRISMA_Kostenko.xlsx = ..\..\..\Desktop\PRISMA_Kostenko.xlsx
	EndProjectSection
EndProject
Project("{FAE04EC0-301F-11D3-BF4B-00C04F79EFBC}") = "WebAPI", "WebAPI\WebAPI.csproj", "{635502BD-9C07-4533-BC5F-99DDB6C5962F}"
EndProject
Project("{54A90642-561A-4BB1-A94E-469ADEE60C69}") = "reactproject", "reactproject\reactproject.esproj", "{BB0353BE-49C8-2AD4-0488-0F48F471E030}"
	ProjectSection(ProjectDependencies) = postProject
		{635502BD-9C07-4533-BC5F-99DDB6C5962F} = {635502BD-9C07-4533-BC5F-99DDB6C5962F}
	EndProjectSection
EndProject
Global
	GlobalSection(SolutionConfigurationPlatforms) = preSolution
		Debug|Any CPU = Debug|Any CPU
		Release|Any CPU = Release|Any CPU
	EndGlobalSection
	GlobalSection(ProjectConfigurationPlatforms) = postSolution
		{AEC4DA01-115C-49BE-9B40-7A7C1CEBD564}.Debug|Any CPU.ActiveCfg = Debug|Any CPU
		{AEC4DA01-115C-49BE-9B40-7A7C1CEBD564}.Debug|Any CPU.Build.0 = Debug|Any CPU
		{AEC4DA01-115C-49BE-9B40-7A7C1CEBD564}.Release|Any CPU.ActiveCfg = Release|Any CPU
		{AEC4DA01-115C-49BE-9B40-7A7C1CEBD564}.Release|Any CPU.Build.0 = Release|Any CPU
		{A58DE596-4AC8-4CBC-9C4D-054DC9FD273B}.Debug|Any CPU.ActiveCfg = Debug|Any CPU
		{A58DE596-4AC8-4CBC-9C4D-054DC9FD273B}.Debug|Any CPU.Build.0 = Debug|Any CPU
		{A58DE596-4AC8-4CBC-9C4D-054DC9FD273B}.Release|Any CPU.ActiveCfg = Release|Any CPU
		{A58DE596-4AC8-4CBC-9C4D-054DC9FD273B}.Release|Any CPU.Build.0 = Release|Any CPU
		{9267E99B-8ECE-4E4C-8261-5A427910E582}.Debug|Any CPU.ActiveCfg = Debug|Any CPU
		{9267E99B-8ECE-4E4C-8261-5A427910E582}.Debug|Any CPU.Build.0 = Debug|Any CPU
		{9267E99B-8ECE-4E4C-8261-5A427910E582}.Release|Any CPU.ActiveCfg = Release|Any CPU
		{9267E99B-8ECE-4E4C-8261-5A427910E582}.Release|Any CPU.Build.0 = Release|Any CPU
		{635502BD-9C07-4533-BC5F-99DDB6C5962F}.Debug|Any CPU.ActiveCfg = Debug|Any CPU
		{635502BD-9C07-4533-BC5F-99DDB6C5962F}.Debug|Any CPU.Build.0 = Debug|Any CPU
		{635502BD-9C07-4533-BC5F-99DDB6C5962F}.Release|Any CPU.ActiveCfg = Release|Any CPU
		{635502BD-9C07-4533-BC5F-99DDB6C5962F}.Release|Any CPU.Build.0 = Release|Any CPU
		{BB0353BE-49C8-2AD4-0488-0F48F471E030}.Debug|Any CPU.ActiveCfg = Debug|Any CPU
		{BB0353BE-49C8-2AD4-0488-0F48F471E030}.Debug|Any CPU.Build.0 = Debug|Any CPU
		{BB0353BE-49C8-2AD4-0488-0F48F471E030}.Debug|Any CPU.Deploy.0 = Debug|Any CPU
		{BB0353BE-49C8-2AD4-0488-0F48F471E030}.Release|Any CPU.ActiveCfg = Release|Any CPU
		{BB0353BE-49C8-2AD4-0488-0F48F471E030}.Release|Any CPU.Build.0 = Release|Any CPU
		{BB0353BE-49C8-2AD4-0488-0F48F471E030}.Release|Any CPU.Deploy.0 = Release|Any CPU
	EndGlobalSection
	GlobalSection(SolutionProperties) = preSolution
		HideSolutionNode = FALSE
	EndGlobalSection
	GlobalSection(NestedProjects) = preSolution
		{AEC4DA01-115C-49BE-9B40-7A7C1CEBD564} = {02EA681E-C7D8-13C7-8484-4AC65E1B71E8}
		{A58DE596-4AC8-4CBC-9C4D-054DC9FD273B} = {02EA681E-C7D8-13C7-8484-4AC65E1B71E8}
		{9267E99B-8ECE-4E4C-8261-5A427910E582} = {02EA681E-C7D8-13C7-8484-4AC65E1B71E8}
		{E8C77B7B-47D0-4AC6-8D6E-80D66A970E00} = {C25C4454-C815-4153-80E7-9E9C7E918610}
		{635502BD-9C07-4533-BC5F-99DDB6C5962F} = {02EA681E-C7D8-13C7-8484-4AC65E1B71E8}
		{BB0353BE-49C8-2AD4-0488-0F48F471E030} = {9FF76576-257A-46ED-9FD5-C10AAE40CC79}
	EndGlobalSection
	GlobalSection(ExtensibilityGlobals) = postSolution
		SolutionGuid = {27BDBAA4-50AB-481C-B8E4-EB18EEBE1220}
	EndGlobalSection
EndGlobal
